
Microsoft Visual Studio Solution File, Format Version 12.00
# Visual Studio 2013
VisualStudioVersion = 12.0.21005.1
MinimumVisualStudioVersion = 10.0.40219.1
Project("{FAE04EC0-301F-11D3-BF4B-00C04F79EFBC}") = "UI_DataPicker", "UI_DataPicker\UI_DataPicker.csproj", "{FE01C90A-EC12-434C-938F-69D78D9722DF}"
EndProject
Project("{FAE04EC0-301F-11D3-BF4B-00C04F79EFBC}") = "UI_Visualizator", "UI_Visualizator\UI_Visualizator.csproj", "{DA7FD738-B02D-4D78-BDF6-7520B71E946E}"
EndProject
Project("{FAE04EC0-301F-11D3-BF4B-00C04F79EFBC}") = "UI_Archive", "UI_Archive\UI_Archive.csproj", "{3B4B7559-E7D2-41C8-84AA-BFF67D12491D}"
EndProject
Project("{FAE04EC0-301F-11D3-BF4B-00C04F79EFBC}") = "ComManager", "ComManager\ComManager.csproj", "{84A93A96-B074-4085-B862-7B0C7FE42FF1}"
EndProject
Project("{FAE04EC0-301F-11D3-BF4B-00C04F79EFBC}") = "FileManager", "FileManager\FileManager.csproj", "{31273959-E8C5-4462-941A-0EB147838977}"
EndProject
Project("{FAE04EC0-301F-11D3-BF4B-00C04F79EFBC}") = "SettingsManager", "iniManager\SettingsManager.csproj", "{AA303BC3-D1B9-4088-A5BE-24957E87CDCA}"
EndProject
Global
	GlobalSection(SolutionConfigurationPlatforms) = preSolution
		Debug|Any CPU = Debug|Any CPU
		Debug|x86 = Debug|x86
		Release|Any CPU = Release|Any CPU
		Release|x86 = Release|x86
	EndGlobalSection
	GlobalSection(ProjectConfigurationPlatforms) = postSolution
		{FE01C90A-EC12-434C-938F-69D78D9722DF}.Debug|Any CPU.ActiveCfg = Debug|Any CPU
		{FE01C90A-EC12-434C-938F-69D78D9722DF}.Debug|Any CPU.Build.0 = Debug|Any CPU
		{FE01C90A-EC12-434C-938F-69D78D9722DF}.Debug|x86.ActiveCfg = Debug|x86
		{FE01C90A-EC12-434C-938F-69D78D9722DF}.Debug|x86.Build.0 = Debug|x86
		{FE01C90A-EC12-434C-938F-69D78D9722DF}.Release|Any CPU.ActiveCfg = Release|Any CPU
		{FE01C90A-EC12-434C-938F-69D78D9722DF}.Release|Any CPU.Build.0 = Release|Any CPU
		{FE01C90A-EC12-434C-938F-69D78D9722DF}.Release|x86.ActiveCfg = Release|x86
		{FE01C90A-EC12-434C-938F-69D78D9722DF}.Release|x86.Build.0 = Release|x86
		{DA7FD738-B02D-4D78-BDF6-7520B71E946E}.Debug|Any CPU.ActiveCfg = Debug|Any CPU
		{DA7FD738-B02D-4D78-BDF6-7520B71E946E}.Debug|Any CPU.Build.0 = Debug|Any CPU
		{DA7FD738-B02D-4D78-BDF6-7520B71E946E}.Debug|x86.ActiveCfg = Debug|x86
		{DA7FD738-B02D-4D78-BDF6-7520B71E946E}.Release|Any CPU.ActiveCfg = Release|Any CPU
		{DA7FD738-B02D-4D78-BDF6-7520B71E946E}.Release|Any CPU.Build.0 = Release|Any CPU
		{DA7FD738-B02D-4D78-BDF6-7520B71E946E}.Release|x86.ActiveCfg = Release|x86
		{DA7FD738-B02D-4D78-BDF6-7520B71E946E}.Release|x86.Build.0 = Release|x86
		{3B4B7559-E7D2-41C8-84AA-BFF67D12491D}.Debug|Any CPU.ActiveCfg = Debug|Any CPU
		{3B4B7559-E7D2-41C8-84AA-BFF67D12491D}.Debug|Any CPU.Build.0 = Debug|Any CPU
		{3B4B7559-E7D2-41C8-84AA-BFF67D12491D}.Debug|x86.ActiveCfg = Debug|x86
		{3B4B7559-E7D2-41C8-84AA-BFF67D12491D}.Release|Any CPU.ActiveCfg = Release|Any CPU
		{3B4B7559-E7D2-41C8-84AA-BFF67D12491D}.Release|Any CPU.Build.0 = Release|Any CPU
		{3B4B7559-E7D2-41C8-84AA-BFF67D12491D}.Release|x86.ActiveCfg = Release|x86
		{3B4B7559-E7D2-41C8-84AA-BFF67D12491D}.Release|x86.Build.0 = Release|x86
		{84A93A96-B074-4085-B862-7B0C7FE42FF1}.Debug|Any CPU.ActiveCfg = Debug|Any CPU
		{84A93A96-B074-4085-B862-7B0C7FE42FF1}.Debug|Any CPU.Build.0 = Debug|Any CPU
		{84A93A96-B074-4085-B862-7B0C7FE42FF1}.Debug|x86.ActiveCfg = Debug|x86
		{84A93A96-B074-4085-B862-7B0C7FE42FF1}.Debug|x86.Build.0 = Debug|x86
		{84A93A96-B074-4085-B862-7B0C7FE42FF1}.Release|Any CPU.ActiveCfg = Release|Any CPU
		{84A93A96-B074-4085-B862-7B0C7FE42FF1}.Release|Any CPU.Build.0 = Release|Any CPU
		{84A93A96-B074-4085-B862-7B0C7FE42FF1}.Release|x86.ActiveCfg = Release|x86
		{84A93A96-B074-4085-B862-7B0C7FE42FF1}.Release|x86.Build.0 = Release|x86
		{31273959-E8C5-4462-941A-0EB147838977}.Debug|Any CPU.ActiveCfg = Debug|Any CPU
		{31273959-E8C5-4462-941A-0EB147838977}.Debug|Any CPU.Build.0 = Debug|Any CPU
		{31273959-E8C5-4462-941A-0EB147838977}.Debug|x86.ActiveCfg = Debug|x86
		{31273959-E8C5-4462-941A-0EB147838977}.Debug|x86.Build.0 = Debug|x86
		{31273959-E8C5-4462-941A-0EB147838977}.Release|Any CPU.ActiveCfg = Release|Any CPU
		{31273959-E8C5-4462-941A-0EB147838977}.Release|Any CPU.Build.0 = Release|Any CPU
		{31273959-E8C5-4462-941A-0EB147838977}.Release|x86.ActiveCfg = Release|x86
		{31273959-E8C5-4462-941A-0EB147838977}.Release|x86.Build.0 = Release|x86
		{AA303BC3-D1B9-4088-A5BE-24957E87CDCA}.Debug|Any CPU.ActiveCfg = Debug|Any CPU
		{AA303BC3-D1B9-4088-A5BE-24957E87CDCA}.Debug|Any CPU.Build.0 = Debug|Any CPU
		{AA303BC3-D1B9-4088-A5BE-24957E87CDCA}.Debug|x86.ActiveCfg = Debug|x86
		{AA303BC3-D1B9-4088-A5BE-24957E87CDCA}.Debug|x86.Build.0 = Debug|x86
		{AA303BC3-D1B9-4088-A5BE-24957E87CDCA}.Release|Any CPU.ActiveCfg = Release|Any CPU
		{AA303BC3-D1B9-4088-A5BE-24957E87CDCA}.Release|Any CPU.Build.0 = Release|Any CPU
		{AA303BC3-D1B9-4088-A5BE-24957E87CDCA}.Release|x86.ActiveCfg = Release|x86
		{AA303BC3-D1B9-4088-A5BE-24957E87CDCA}.Release|x86.Build.0 = Release|x86
	EndGlobalSection
	GlobalSection(SolutionProperties) = preSolution
		HideSolutionNode = FALSE
	EndGlobalSection
EndGlobal
